
Microsoft Visual Studio Solution File, Format Version 12.00
# Visual Studio Version 17
VisualStudioVersion = 17.14.35906.104
MinimumVisualStudioVersion = 10.0.40219.1
Project("{FAE04EC0-301F-11D3-BF4B-00C04F79EFBC}") = "RevitMCPPlugin", "plugin\RevitMCPPlugin.csproj", "{43CD0FD7-DF41-4F64-92BE-A0F78666D86F}"
EndProject
Project("{FAE04EC0-301F-11D3-BF4B-00C04F79EFBC}") = "RevitMCPCommandSet", "commandset\RevitMCPCommandSet.csproj", "{A23E71AF-675B-41EE-9BD4-D4F3C8BA080D}"
EndProject
Project("{FAE04EC0-301F-11D3-BF4B-00C04F79EFBC}") = "RevitMCPCommandSet.Tests", "tests\commandset\RevitMCPCommandSet.Tests.csproj", "{E1F2D3C4-A5B6-7890-ABCD-EF1234567890}"
EndProject
Project("{FAE04EC0-301F-11D3-BF4B-00C04F79EFBC}") = "RegisterGeometry", "commandset\RegisterGeometry\RegisterGeometry.csproj", "{B1A2C3D4-E5F6-4789-ABCD-EF1234567891}"
EndProject
Project("{FAE04EC0-301F-11D3-BF4B-00C04F79EFBC}") = "RegisterGeometry.Tests", "tests\RegisterGeometry.Tests\RegisterGeometry.Tests.csproj", "{B1A2C3D4-E5F6-4789-ABCD-EF1234567892}"
EndProject
Global
	GlobalSection(SolutionConfigurationPlatforms) = preSolution
		Debug R20|Any CPU = Debug R20|Any CPU
		Debug R21|Any CPU = Debug R21|Any CPU
		Debug R22|Any CPU = Debug R22|Any CPU
		Debug R23|Any CPU = Debug R23|Any CPU
		Debug R24|Any CPU = Debug R24|Any CPU
		Debug R25|Any CPU = Debug R25|Any CPU
		Debug R26|Any CPU = Debug R26|Any CPU
		Release R20|Any CPU = Release R20|Any CPU
		Release R21|Any CPU = Release R21|Any CPU
		Release R22|Any CPU = Release R22|Any CPU
		Release R23|Any CPU = Release R23|Any CPU
		Release R24|Any CPU = Release R24|Any CPU
		Release R25|Any CPU = Release R25|Any CPU
		Release R26|Any CPU = Release R26|Any CPU
	EndGlobalSection
	GlobalSection(ProjectConfigurationPlatforms) = postSolution
		{43CD0FD7-DF41-4F64-92BE-A0F78666D86F}.Debug R20|Any CPU.ActiveCfg = Debug R20|Any CPU
		{43CD0FD7-DF41-4F64-92BE-A0F78666D86F}.Debug R20|Any CPU.Build.0 = Debug R20|Any CPU
		{43CD0FD7-DF41-4F64-92BE-A0F78666D86F}.Debug R21|Any CPU.ActiveCfg = Debug R21|Any CPU
		{43CD0FD7-DF41-4F64-92BE-A0F78666D86F}.Debug R21|Any CPU.Build.0 = Debug R21|Any CPU
		{43CD0FD7-DF41-4F64-92BE-A0F78666D86F}.Debug R22|Any CPU.ActiveCfg = Debug R22|Any CPU
		{43CD0FD7-DF41-4F64-92BE-A0F78666D86F}.Debug R22|Any CPU.Build.0 = Debug R22|Any CPU
		{43CD0FD7-DF41-4F64-92BE-A0F78666D86F}.Debug R23|Any CPU.ActiveCfg = Debug R23|Any CPU
		{43CD0FD7-DF41-4F64-92BE-A0F78666D86F}.Debug R23|Any CPU.Build.0 = Debug R23|Any CPU
		{43CD0FD7-DF41-4F64-92BE-A0F78666D86F}.Debug R24|Any CPU.ActiveCfg = Debug R24|Any CPU
		{43CD0FD7-DF41-4F64-92BE-A0F78666D86F}.Debug R24|Any CPU.Build.0 = Debug R24|Any CPU
		{43CD0FD7-DF41-4F64-92BE-A0F78666D86F}.Debug R25|Any CPU.ActiveCfg = Debug R25|Any CPU
		{43CD0FD7-DF41-4F64-92BE-A0F78666D86F}.Debug R25|Any CPU.Build.0 = Debug R25|Any CPU
		{43CD0FD7-DF41-4F64-92BE-A0F78666D86F}.Debug R26|Any CPU.ActiveCfg = Debug R26|Any CPU
		{43CD0FD7-DF41-4F64-92BE-A0F78666D86F}.Debug R26|Any CPU.Build.0 = Debug R26|Any CPU
		{43CD0FD7-DF41-4F64-92BE-A0F78666D86F}.Release R20|Any CPU.ActiveCfg = Release R20|Any CPU
		{43CD0FD7-DF41-4F64-92BE-A0F78666D86F}.Release R20|Any CPU.Build.0 = Release R20|Any CPU
		{43CD0FD7-DF41-4F64-92BE-A0F78666D86F}.Release R21|Any CPU.ActiveCfg = Release R21|Any CPU
		{43CD0FD7-DF41-4F64-92BE-A0F78666D86F}.Release R21|Any CPU.Build.0 = Release R21|Any CPU
		{43CD0FD7-DF41-4F64-92BE-A0F78666D86F}.Release R22|Any CPU.ActiveCfg = Release R22|Any CPU
		{43CD0FD7-DF41-4F64-92BE-A0F78666D86F}.Release R22|Any CPU.Build.0 = Release R22|Any CPU
		{43CD0FD7-DF41-4F64-92BE-A0F78666D86F}.Release R23|Any CPU.ActiveCfg = Release R23|Any CPU
		{43CD0FD7-DF41-4F64-92BE-A0F78666D86F}.Release R23|Any CPU.Build.0 = Release R23|Any CPU
		{43CD0FD7-DF41-4F64-92BE-A0F78666D86F}.Release R24|Any CPU.ActiveCfg = Release R24|Any CPU
		{43CD0FD7-DF41-4F64-92BE-A0F78666D86F}.Release R24|Any CPU.Build.0 = Release R24|Any CPU
		{43CD0FD7-DF41-4F64-92BE-A0F78666D86F}.Release R25|Any CPU.ActiveCfg = Release R25|Any CPU
		{43CD0FD7-DF41-4F64-92BE-A0F78666D86F}.Release R25|Any CPU.Build.0 = Release R25|Any CPU
		{43CD0FD7-DF41-4F64-92BE-A0F78666D86F}.Release R26|Any CPU.ActiveCfg = Release R26|Any CPU
		{43CD0FD7-DF41-4F64-92BE-A0F78666D86F}.Release R26|Any CPU.Build.0 = Release R26|Any CPU
		{A23E71AF-675B-41EE-9BD4-D4F3C8BA080D}.Debug R20|Any CPU.ActiveCfg = Debug R20|Any CPU
		{A23E71AF-675B-41EE-9BD4-D4F3C8BA080D}.Debug R20|Any CPU.Build.0 = Debug R20|Any CPU
		{A23E71AF-675B-41EE-9BD4-D4F3C8BA080D}.Debug R21|Any CPU.ActiveCfg = Debug R21|Any CPU
		{A23E71AF-675B-41EE-9BD4-D4F3C8BA080D}.Debug R21|Any CPU.Build.0 = Debug R21|Any CPU
		{A23E71AF-675B-41EE-9BD4-D4F3C8BA080D}.Debug R22|Any CPU.ActiveCfg = Debug R22|Any CPU
		{A23E71AF-675B-41EE-9BD4-D4F3C8BA080D}.Debug R22|Any CPU.Build.0 = Debug R22|Any CPU
		{A23E71AF-675B-41EE-9BD4-D4F3C8BA080D}.Debug R23|Any CPU.ActiveCfg = Debug R23|Any CPU
		{A23E71AF-675B-41EE-9BD4-D4F3C8BA080D}.Debug R23|Any CPU.Build.0 = Debug R23|Any CPU
		{A23E71AF-675B-41EE-9BD4-D4F3C8BA080D}.Debug R24|Any CPU.ActiveCfg = Debug R24|Any CPU
		{A23E71AF-675B-41EE-9BD4-D4F3C8BA080D}.Debug R24|Any CPU.Build.0 = Debug R24|Any CPU
		{A23E71AF-675B-41EE-9BD4-D4F3C8BA080D}.Debug R25|Any CPU.ActiveCfg = Debug R25|Any CPU
		{A23E71AF-675B-41EE-9BD4-D4F3C8BA080D}.Debug R25|Any CPU.Build.0 = Debug R25|Any CPU
		{A23E71AF-675B-41EE-9BD4-D4F3C8BA080D}.Debug R26|Any CPU.ActiveCfg = Debug R26|Any CPU
		{A23E71AF-675B-41EE-9BD4-D4F3C8BA080D}.Debug R26|Any CPU.Build.0 = Debug R26|Any CPU
		{A23E71AF-675B-41EE-9BD4-D4F3C8BA080D}.Release R20|Any CPU.ActiveCfg = Release R20|Any CPU
		{A23E71AF-675B-41EE-9BD4-D4F3C8BA080D}.Release R20|Any CPU.Build.0 = Release R20|Any CPU
		{A23E71AF-675B-41EE-9BD4-D4F3C8BA080D}.Release R21|Any CPU.ActiveCfg = Release R21|Any CPU
		{A23E71AF-675B-41EE-9BD4-D4F3C8BA080D}.Release R21|Any CPU.Build.0 = Release R21|Any CPU
		{A23E71AF-675B-41EE-9BD4-D4F3C8BA080D}.Release R22|Any CPU.ActiveCfg = Release R22|Any CPU
		{A23E71AF-675B-41EE-9BD4-D4F3C8BA080D}.Release R22|Any CPU.Build.0 = Release R22|Any CPU
		{A23E71AF-675B-41EE-9BD4-D4F3C8BA080D}.Release R23|Any CPU.ActiveCfg = Release R23|Any CPU
		{A23E71AF-675B-41EE-9BD4-D4F3C8BA080D}.Release R23|Any CPU.Build.0 = Release R23|Any CPU
		{A23E71AF-675B-41EE-9BD4-D4F3C8BA080D}.Release R24|Any CPU.ActiveCfg = Release R24|Any CPU
		{A23E71AF-675B-41EE-9BD4-D4F3C8BA080D}.Release R24|Any CPU.Build.0 = Release R24|Any CPU
		{A23E71AF-675B-41EE-9BD4-D4F3C8BA080D}.Release R25|Any CPU.ActiveCfg = Release R25|Any CPU
		{A23E71AF-675B-41EE-9BD4-D4F3C8BA080D}.Release R25|Any CPU.Build.0 = Release R25|Any CPU
		{A23E71AF-675B-41EE-9BD4-D4F3C8BA080D}.Release R26|Any CPU.ActiveCfg = Release R26|Any CPU
		{A23E71AF-675B-41EE-9BD4-D4F3C8BA080D}.Release R26|Any CPU.Build.0 = Release R26|Any CPU
		{E1F2D3C4-A5B6-7890-ABCD-EF1234567890}.Debug R25|Any CPU.ActiveCfg = Debug.R25|Any CPU
		{E1F2D3C4-A5B6-7890-ABCD-EF1234567890}.Debug R25|Any CPU.Build.0 = Debug.R25|Any CPU
		{E1F2D3C4-A5B6-7890-ABCD-EF1234567890}.Debug R26|Any CPU.ActiveCfg = Debug.R26|Any CPU
		{E1F2D3C4-A5B6-7890-ABCD-EF1234567890}.Debug R26|Any CPU.Build.0 = Debug.R26|Any CPU
		{E1F2D3C4-A5B6-7890-ABCD-EF1234567890}.Release R25|Any CPU.ActiveCfg = Release.R25|Any CPU
		{E1F2D3C4-A5B6-7890-ABCD-EF1234567890}.Release R25|Any CPU.Build.0 = Release.R25|Any CPU
		{E1F2D3C4-A5B6-7890-ABCD-EF1234567890}.Release R26|Any CPU.ActiveCfg = Release.R26|Any CPU
		{E1F2D3C4-A5B6-7890-ABCD-EF1234567890}.Release R26|Any CPU.Build.0 = Release.R26|Any CPU
		{E1F2D3C4-A5B6-7890-ABCD-EF1234567890}.Debug R20|Any CPU.ActiveCfg = Debug.R26|Any CPU
		{E1F2D3C4-A5B6-7890-ABCD-EF1234567890}.Debug R21|Any CPU.ActiveCfg = Debug.R26|Any CPU
		{E1F2D3C4-A5B6-7890-ABCD-EF1234567890}.Debug R22|Any CPU.ActiveCfg = Debug.R26|Any CPU
		{E1F2D3C4-A5B6-7890-ABCD-EF1234567890}.Debug R23|Any CPU.ActiveCfg = Debug.R26|Any CPU
		{E1F2D3C4-A5B6-7890-ABCD-EF1234567890}.Debug R24|Any CPU.ActiveCfg = Debug.R26|Any CPU
		{E1F2D3C4-A5B6-7890-ABCD-EF1234567890}.Release R20|Any CPU.ActiveCfg = Release.R26|Any CPU
		{E1F2D3C4-A5B6-7890-ABCD-EF1234567890}.Release R21|Any CPU.ActiveCfg = Release.R26|Any CPU
		{E1F2D3C4-A5B6-7890-ABCD-EF1234567890}.Release R22|Any CPU.ActiveCfg = Release.R26|Any CPU
		{E1F2D3C4-A5B6-7890-ABCD-EF1234567890}.Release R23|Any CPU.ActiveCfg = Release.R26|Any CPU
		{E1F2D3C4-A5B6-7890-ABCD-EF1234567890}.Release R24|Any CPU.ActiveCfg = Release.R26|Any CPU
		{B1A2C3D4-E5F6-4789-ABCD-EF1234567891}.Debug R20|Any CPU.ActiveCfg = Debug|Any CPU
		{B1A2C3D4-E5F6-4789-ABCD-EF1234567891}.Debug R20|Any CPU.Build.0 = Debug|Any CPU
		{B1A2C3D4-E5F6-4789-ABCD-EF1234567891}.Debug R21|Any CPU.ActiveCfg = Debug|Any CPU
		{B1A2C3D4-E5F6-4789-ABCD-EF1234567891}.Debug R21|Any CPU.Build.0 = Debug|Any CPU
		{B1A2C3D4-E5F6-4789-ABCD-EF1234567891}.Debug R22|Any CPU.ActiveCfg = Debug|Any CPU
		{B1A2C3D4-E5F6-4789-ABCD-EF1234567891}.Debug R22|Any CPU.Build.0 = Debug|Any CPU
		{B1A2C3D4-E5F6-4789-ABCD-EF1234567891}.Debug R23|Any CPU.ActiveCfg = Debug|Any CPU
		{B1A2C3D4-E5F6-4789-ABCD-EF1234567891}.Debug R23|Any CPU.Build.0 = Debug|Any CPU
		{B1A2C3D4-E5F6-4789-ABCD-EF1234567891}.Debug R24|Any CPU.ActiveCfg = Debug|Any CPU
		{B1A2C3D4-E5F6-4789-ABCD-EF1234567891}.Debug R24|Any CPU.Build.0 = Debug|Any CPU
		{B1A2C3D4-E5F6-4789-ABCD-EF1234567891}.Debug R25|Any CPU.ActiveCfg = Debug|Any CPU
		{B1A2C3D4-E5F6-4789-ABCD-EF1234567891}.Debug R25|Any CPU.Build.0 = Debug|Any CPU
		{B1A2C3D4-E5F6-4789-ABCD-EF1234567891}.Debug R26|Any CPU.ActiveCfg = Debug|Any CPU
		{B1A2C3D4-E5F6-4789-ABCD-EF1234567891}.Debug R26|Any CPU.Build.0 = Debug|Any CPU
		{B1A2C3D4-E5F6-4789-ABCD-EF1234567891}.Release R20|Any CPU.ActiveCfg = Release|Any CPU
		{B1A2C3D4-E5F6-4789-ABCD-EF1234567891}.Release R20|Any CPU.Build.0 = Release|Any CPU
		{B1A2C3D4-E5F6-4789-ABCD-EF1234567891}.Release R21|Any CPU.ActiveCfg = Release|Any CPU
		{B1A2C3D4-E5F6-4789-ABCD-EF1234567891}.Release R21|Any CPU.Build.0 = Release|Any CPU
		{B1A2C3D4-E5F6-4789-ABCD-EF1234567891}.Release R22|Any CPU.ActiveCfg = Release|Any CPU
		{B1A2C3D4-E5F6-4789-ABCD-EF1234567891}.Release R22|Any CPU.Build.0 = Release|Any CPU
		{B1A2C3D4-E5F6-4789-ABCD-EF1234567891}.Release R23|Any CPU.ActiveCfg = Release|Any CPU
		{B1A2C3D4-E5F6-4789-ABCD-EF1234567891}.Release R23|Any CPU.Build.0 = Release|Any CPU
		{B1A2C3D4-E5F6-4789-ABCD-EF1234567891}.Release R24|Any CPU.ActiveCfg = Release|Any CPU
		{B1A2C3D4-E5F6-4789-ABCD-EF1234567891}.Release R24|Any CPU.Build.0 = Release|Any CPU
		{B1A2C3D4-E5F6-4789-ABCD-EF1234567891}.Release R25|Any CPU.ActiveCfg = Release|Any CPU
		{B1A2C3D4-E5F6-4789-ABCD-EF1234567891}.Release R25|Any CPU.Build.0 = Release|Any CPU
		{B1A2C3D4-E5F6-4789-ABCD-EF1234567891}.Release R26|Any CPU.ActiveCfg = Release|Any CPU
		{B1A2C3D4-E5F6-4789-ABCD-EF1234567891}.Release R26|Any CPU.Build.0 = Release|Any CPU
		{B1A2C3D4-E5F6-4789-ABCD-EF1234567892}.Debug R20|Any CPU.ActiveCfg = Debug|Any CPU
		{B1A2C3D4-E5F6-4789-ABCD-EF1234567892}.Debug R20|Any CPU.Build.0 = Debug|Any CPU
		{B1A2C3D4-E5F6-4789-ABCD-EF1234567892}.Debug R21|Any CPU.ActiveCfg = Debug|Any CPU
		{B1A2C3D4-E5F6-4789-ABCD-EF1234567892}.Debug R21|Any CPU.Build.0 = Debug|Any CPU
		{B1A2C3D4-E5F6-4789-ABCD-EF1234567892}.Debug R22|Any CPU.ActiveCfg = Debug|Any CPU
		{B1A2C3D4-E5F6-4789-ABCD-EF1234567892}.Debug R22|Any CPU.Build.0 = Debug|Any CPU
		{B1A2C3D4-E5F6-4789-ABCD-EF1234567892}.Debug R23|Any CPU.ActiveCfg = Debug|Any CPU
		{B1A2C3D4-E5F6-4789-ABCD-EF1234567892}.Debug R23|Any CPU.Build.0 = Debug|Any CPU
		{B1A2C3D4-E5F6-4789-ABCD-EF1234567892}.Debug R24|Any CPU.ActiveCfg = Debug|Any CPU
		{B1A2C3D4-E5F6-4789-ABCD-EF1234567892}.Debug R24|Any CPU.Build.0 = Debug|Any CPU
		{B1A2C3D4-E5F6-4789-ABCD-EF1234567892}.Debug R25|Any CPU.ActiveCfg = Debug|Any CPU
		{B1A2C3D4-E5F6-4789-ABCD-EF1234567892}.Debug R25|Any CPU.Build.0 = Debug|Any CPU
		{B1A2C3D4-E5F6-4789-ABCD-EF1234567892}.Debug R26|Any CPU.ActiveCfg = Debug|Any CPU
		{B1A2C3D4-E5F6-4789-ABCD-EF1234567892}.Debug R26|Any CPU.Build.0 = Debug|Any CPU
		{B1A2C3D4-E5F6-4789-ABCD-EF1234567892}.Release R20|Any CPU.ActiveCfg = Release|Any CPU
		{B1A2C3D4-E5F6-4789-ABCD-EF1234567892}.Release R20|Any CPU.Build.0 = Release|Any CPU
		{B1A2C3D4-E5F6-4789-ABCD-EF1234567892}.Release R21|Any CPU.ActiveCfg = Release|Any CPU
		{B1A2C3D4-E5F6-4789-ABCD-EF1234567892}.Release R21|Any CPU.Build.0 = Release|Any CPU
		{B1A2C3D4-E5F6-4789-ABCD-EF1234567892}.Release R22|Any CPU.ActiveCfg = Release|Any CPU
		{B1A2C3D4-E5F6-4789-ABCD-EF1234567892}.Release R22|Any CPU.Build.0 = Release|Any CPU
		{B1A2C3D4-E5F6-4789-ABCD-EF1234567892}.Release R23|Any CPU.ActiveCfg = Release|Any CPU
		{B1A2C3D4-E5F6-4789-ABCD-EF1234567892}.Release R23|Any CPU.Build.0 = Release|Any CPU
		{B1A2C3D4-E5F6-4789-ABCD-EF1234567892}.Release R24|Any CPU.ActiveCfg = Release|Any CPU
		{B1A2C3D4-E5F6-4789-ABCD-EF1234567892}.Release R24|Any CPU.Build.0 = Release|Any CPU
		{B1A2C3D4-E5F6-4789-ABCD-EF1234567892}.Release R25|Any CPU.ActiveCfg = Release|Any CPU
		{B1A2C3D4-E5F6-4789-ABCD-EF1234567892}.Release R25|Any CPU.Build.0 = Release|Any CPU
		{B1A2C3D4-E5F6-4789-ABCD-EF1234567892}.Release R26|Any CPU.ActiveCfg = Release|Any CPU
		{B1A2C3D4-E5F6-4789-ABCD-EF1234567892}.Release R26|Any CPU.Build.0 = Release|Any CPU
	EndGlobalSection
	GlobalSection(SolutionProperties) = preSolution
		HideSolutionNode = FALSE
	EndGlobalSection
	GlobalSection(ExtensibilityGlobals) = postSolution
		SolutionGuid = {B7F2C8A1-5D3E-4A9F-8C6B-1E2D3F4A5B6C}
	EndGlobalSection
EndGlobal
